
Microsoft Visual Studio Solution File, Format Version 12.00
# Visual Studio Version 17
VisualStudioVersion = 17.3.32825.248
MinimumVisualStudioVersion = 10.0.40219.1
Project("{9A19103F-16F7-4668-BE54-9A1E7A4F7556}") = "WeatherAPI", "WeatherAPI\WeatherAPI.csproj", "{A5209FEC-68F0-4701-BD6A-EB358656DB96}"
EndProject
Project("{9A19103F-16F7-4668-BE54-9A1E7A4F7556}") = "CityAPI", "CityAPI\CityAPI.csproj", "{72D8F9DF-05B6-48D9-AB8C-B6564694FD1E}"
EndProject
Project("{FAE04EC0-301F-11D3-BF4B-00C04F79EFBC}") = "MessageService", "MessageService\MessageService.csproj", "{9B8D11D5-14B5-440F-808B-7CA2E5075C58}"
EndProject
Global
	GlobalSection(SolutionConfigurationPlatforms) = preSolution
		Debug|Any CPU = Debug|Any CPU
		Release|Any CPU = Release|Any CPU
	EndGlobalSection
	GlobalSection(ProjectConfigurationPlatforms) = postSolution
		{A5209FEC-68F0-4701-BD6A-EB358656DB96}.Debug|Any CPU.ActiveCfg = Debug|Any CPU
		{A5209FEC-68F0-4701-BD6A-EB358656DB96}.Debug|Any CPU.Build.0 = Debug|Any CPU
		{A5209FEC-68F0-4701-BD6A-EB358656DB96}.Release|Any CPU.ActiveCfg = Release|Any CPU
		{A5209FEC-68F0-4701-BD6A-EB358656DB96}.Release|Any CPU.Build.0 = Release|Any CPU
		{72D8F9DF-05B6-48D9-AB8C-B6564694FD1E}.Debug|Any CPU.ActiveCfg = Debug|Any CPU
		{72D8F9DF-05B6-48D9-AB8C-B6564694FD1E}.Debug|Any CPU.Build.0 = Debug|Any CPU
		{72D8F9DF-05B6-48D9-AB8C-B6564694FD1E}.Release|Any CPU.ActiveCfg = Release|Any CPU
		{72D8F9DF-05B6-48D9-AB8C-B6564694FD1E}.Release|Any CPU.Build.0 = Release|Any CPU
		{9B8D11D5-14B5-440F-808B-7CA2E5075C58}.Debug|Any CPU.ActiveCfg = Debug|Any CPU
		{9B8D11D5-14B5-440F-808B-7CA2E5075C58}.Debug|Any CPU.Build.0 = Debug|Any CPU
		{9B8D11D5-14B5-440F-808B-7CA2E5075C58}.Release|Any CPU.ActiveCfg = Release|Any CPU
		{9B8D11D5-14B5-440F-808B-7CA2E5075C58}.Release|Any CPU.Build.0 = Release|Any CPU
	EndGlobalSection
	GlobalSection(SolutionProperties) = preSolution
		HideSolutionNode = FALSE
	EndGlobalSection
	GlobalSection(ExtensibilityGlobals) = postSolution
		SolutionGuid = {494B247E-F8AF-4F22-A4EC-7E755DFAAC03}
	EndGlobalSection
EndGlobal
